// !$*UTF8*$!
{
	archiveVersion = 1;
	classes = {
	};
	objectVersion = 77;
	objects = {

/* Begin PBXBuildFile section */
		E30FD88923C4515200C716E9 /* SSWebView.swift in Sources */ = {isa = PBXBuildFile; fileRef = E30FD88823C4515200C716E9 /* SSWebView.swift */; };
		E32421342384E9D700D28A91 /* AppState.swift in Sources */ = {isa = PBXBuildFile; fileRef = E32421332384E9D700D28A91 /* AppState.swift */; };
		E32421362384E9D700D28A91 /* AddWebsiteScreen.swift in Sources */ = {isa = PBXBuildFile; fileRef = E32421352384E9D700D28A91 /* AddWebsiteScreen.swift */; };
		E32421382384E9D900D28A91 /* Assets.xcassets in Resources */ = {isa = PBXBuildFile; fileRef = E32421372384E9D900D28A91 /* Assets.xcassets */; };
		E324213B2384E9D900D28A91 /* Preview Assets.xcassets in Resources */ = {isa = PBXBuildFile; fileRef = E324213A2384E9D900D28A91 /* Preview Assets.xcassets */; };
		E32421472384EB4E00D28A91 /* DesktopWindow.swift in Sources */ = {isa = PBXBuildFile; fileRef = E32421462384EB4E00D28A91 /* DesktopWindow.swift */; };
		66A8D44DC83A0DDE8B0E8EE2 /* Actions.swift in Sources */ = {isa = PBXBuildFile; fileRef = 2BA31C0FAF40DE6E9B93FFE2 /* Actions.swift */; };
		66A8D44DC83A0DDD8B0E8EE1 /* Shortcuts.swift in Sources */ = {isa = PBXBuildFile; fileRef = 2BA31C0FAF40DE6D9B93FFE1 /* Shortcuts.swift */; };
		E32421562384F09D00D28A91 /* Constants.swift in Sources */ = {isa = PBXBuildFile; fileRef = E32421552384F09D00D28A91 /* Constants.swift */; };
		E324215A2384FBE500D28A91 /* WebViewController.swift in Sources */ = {isa = PBXBuildFile; fileRef = E32421592384FBE500D28A91 /* WebViewController.swift */; };
		5DCA857FF83FED5BA64A646B /* SiteGalleryScreen.swift in Sources */ = {isa = PBXBuildFile; fileRef = 907A9EFAA3D92EE2E782D1EE /* SiteGalleryScreen.swift */; };
		3CD7FE6C914BB819BD0B846A /* SiteCatalog.generated.swift in Sources */ = {isa = PBXBuildFile; fileRef = BE550ECBADBF01976B63976D /* SiteCatalog.generated.swift */; };
		6A7C9A751E80818D883AA349 /* SiteCatalog.swift in Sources */ = {isa = PBXBuildFile; fileRef = 144C837DC38F0A9C8BB73A61 /* SiteCatalog.swift */; };
		6D7BDBFF34F7B4D3478AFF38 /* Playlist.swift in Sources */ = {isa = PBXBuildFile; fileRef = 15BE7EAB516E7079A6E1272D /* Playlist.swift */; };
		B853A2BA513E772BD737AD44 /* CropSelection.swift in Sources */ = {isa = PBXBuildFile; fileRef = A087FD8A47F189760F0AB306 /* CropSelection.swift */; };
		32D5714C709DBD76A2370D13 /* CropSelectionView.swift in Sources */ = {isa = PBXBuildFile; fileRef = F816F6528ECE2649BA82D438 /* CropSelectionView.swift */; };
		09AD36F5F7945DFEE7B4A938 /* DimWhenUnfocused.swift in Sources */ = {isa = PBXBuildFile; fileRef = E2E55F44121887A577509380 /* DimWhenUnfocused.swift */; };
		90372F4A56E2E0453B651FEE /* AboutSettings.swift in Sources */ = {isa = PBXBuildFile; fileRef = A6ECFB57E09E3EAEAFA81C47 /* AboutSettings.swift */; };
		3A6D23E265F2D846E64E08F3 /* SwapLoading.swift in Sources */ = {isa = PBXBuildFile; fileRef = 37A22FF14B425D5D7E6F2A3D /* SwapLoading.swift */; };
		A0F10334F3FF96ABCC480803 /* ContentRules.swift in Sources */ = {isa = PBXBuildFile; fileRef = D751AB31404DF89921BB1EB8 /* ContentRules.swift */; };
		BD0C69E56B842F1B2CAA990C /* WallpaperScene.swift in Sources */ = {isa = PBXBuildFile; fileRef = 8022D73138D2D927070B3744 /* WallpaperScene.swift */; };
		17E64A773B2907C884AD5849 /* ScrollRestoration.swift in Sources */ = {isa = PBXBuildFile; fileRef = 8BB5B9537B30041D469CE55C /* ScrollRestoration.swift */; };
		F7CEB84C882E8730A2C4B649 /* MenuBarBand.swift in Sources */ = {isa = PBXBuildFile; fileRef = DB494D7D82CDA92E0D71731F /* MenuBarBand.swift */; };
		2304ABCA5B85D50BF749039D /* Geometry.swift in Sources */ = {isa = PBXBuildFile; fileRef = A081BCFF6DF8B8B2FB4CB31B /* Geometry.swift */; };
		D01E670AD9D65C111C3E3E3F /* VideoEmbed.swift in Sources */ = {isa = PBXBuildFile; fileRef = 47F1A73D88562E6E93A3A692 /* VideoEmbed.swift */; };
		3188AB74960C1A115F1F09B8 /* Schedule.swift in Sources */ = {isa = PBXBuildFile; fileRef = 0B4B73021E1104C03600DEFE /* Schedule.swift */; };
		A1C0DE01B0074E01A0000021 /* URLCommand.swift in Sources */ = {isa = PBXBuildFile; fileRef = A1C0DE01B0074E01A0000022 /* URLCommand.swift */; };
		A1C0DE01B0074E01A0000015 /* ImageCache.swift in Sources */ = {isa = PBXBuildFile; fileRef = A1C0DE01B0074E01A0000016 /* ImageCache.swift */; };
		A1C0DE01B0074E01A0000041 /* DiskBudget.swift in Sources */ = {isa = PBXBuildFile; fileRef = A1C0DE01B0074E01A0000042 /* DiskBudget.swift */; };
		A1C0DE01B0074E01A0000051 /* UpdateCheck.swift in Sources */ = {isa = PBXBuildFile; fileRef = A1C0DE01B0074E01A0000052 /* UpdateCheck.swift */; };
		A1C0DE01B0074E01A0000013 /* SecurityScopedBookmarks.swift in Sources */ = {isa = PBXBuildFile; fileRef = A1C0DE01B0074E01A0000014 /* SecurityScopedBookmarks.swift */; };
		A1C0DE01B0074E01A0000011 /* ScrollableTextView.swift in Sources */ = {isa = PBXBuildFile; fileRef = A1C0DE01B0074E01A0000012 /* ScrollableTextView.swift */; };
		A1C0DE01B0074E01A0000001 /* Rotation.swift in Sources */ = {isa = PBXBuildFile; fileRef = A1C0DE01B0074E01A0000002 /* Rotation.swift */; };
		5D03B00441481AA32BEF388F /* MenuSupport.swift in Sources */ = {isa = PBXBuildFile; fileRef = E84336098C3DBE55C6CA62CE /* MenuSupport.swift */; };
		DD3CC9A78917D05BF2C0B573 /* Display.swift in Sources */ = {isa = PBXBuildFile; fileRef = FF3B75EF61B0B424DBE27645 /* Display.swift */; };
		B908EAF815B4DAB91DF7F3CA /* SystemEvents.swift in Sources */ = {isa = PBXBuildFile; fileRef = 348C6589BF6FF0DC7E0FC30E /* SystemEvents.swift */; };
		5BADEF0D674313D2E76CC56F /* AppInfo.swift in Sources */ = {isa = PBXBuildFile; fileRef = 1B1015E7B6A4EC8F5BF9A1A0 /* AppInfo.swift */; };
		F98F6DCE0A0A6A4779A12608 /* Extensions.swift in Sources */ = {isa = PBXBuildFile; fileRef = 41139DB4E6DE331ED5751E4F /* Extensions.swift */; };
		4BA49C1538F7FCF45D0FC315 /* WebsiteSettings.swift in Sources */ = {isa = PBXBuildFile; fileRef = 375CB4FD5AF2291C2B0D99D0 /* WebsiteSettings.swift */; };
		FC11C05F76D3F4DD4871E11A /* PageView.swift in Sources */ = {isa = PBXBuildFile; fileRef = 868FFECC725D3D54F254BEF5 /* PageView.swift */; };
		66A8D44DC83A0DDD8B0E8BB1 /* WebsiteReport.swift in Sources */ = {isa = PBXBuildFile; fileRef = 2BA31C0FAF40DE6D9B93FFB1 /* WebsiteReport.swift */; };
		66A8D44DC83A0DDD8B0E8CC1 /* Text.swift in Sources */ = {isa = PBXBuildFile; fileRef = 2BA31C0FAF40DE6D9B93FFC1 /* Text.swift */; };
		66A8D44DC83A0DDF8B0E8EE3 /* IntervalField.swift in Sources */ = {isa = PBXBuildFile; fileRef = 2BA31C0FAF40DE6F9B93FFE3 /* IntervalField.swift */; };
		66A8D44DC83A0DDD8B0E8DD1 /* SettingHelp.swift in Sources */ = {isa = PBXBuildFile; fileRef = 2BA31C0FAF40DE6D9B93FFD1 /* SettingHelp.swift */; };
		E3294F7E255783A800D4172F /* Defaults in Frameworks */ = {isa = PBXBuildFile; productRef = E3294F7D255783A800D4172F /* Defaults */; };
		E32AD6AE26D2718B0008D900 /* ShareController.swift in Sources */ = {isa = PBXBuildFile; fileRef = E32AD6AD26D2718B0008D900 /* ShareController.swift */; };
		E32AD6BD26D275070008D900 /* Utilities.swift in Sources */ = {isa = PBXBuildFile; fileRef = E32AD6BC26D275070008D900 /* Utilities.swift */; };
		E32AD6B626D2718B0008D900 /* Share Extension.appex in Embed Foundation Extensions */ = {isa = PBXBuildFile; fileRef = E32AD6A926D2718B0008D900 /* Share Extension.appex */; settings = {ATTRIBUTES = (RemoveHeadersOnCopy, ); }; };
		E333EB1B2385244E005FCE44 /* SettingsScreen.swift in Sources */ = {isa = PBXBuildFile; fileRef = E333EB1A2385244E005FCE44 /* SettingsScreen.swift */; };
		E3369A9A265E344300BAC78B /* URLCommands.swift in Sources */ = {isa = PBXBuildFile; fileRef = E3369A99265E344300BAC78B /* URLCommands.swift */; };
		E3494C19297D236000983648 /* LaunchAtLogin in Frameworks */ = {isa = PBXBuildFile; productRef = E3494C18297D236000983648 /* LaunchAtLogin */; };
		E3494C26297D38CC00983648 /* Intents.swift in Sources */ = {isa = PBXBuildFile; fileRef = E3494C1A297D38CC00983648 /* Intents.swift */; };
		E34FCBCE264D32150022BDD3 /* App.swift in Sources */ = {isa = PBXBuildFile; fileRef = E34FCBCD264D32150022BDD3 /* App.swift */; };
		E354442F26062D6300CA060F /* WebsitesScreen.swift in Sources */ = {isa = PBXBuildFile; fileRef = E354442E26062D6300CA060F /* WebsitesScreen.swift */; };
		E354443C2607505100CA060F /* WebsitesController.swift in Sources */ = {isa = PBXBuildFile; fileRef = E354443B2607505100CA060F /* WebsitesController.swift */; };
		E3847AB22AB376B700923A5E /* KeyboardShortcuts in Frameworks */ = {isa = PBXBuildFile; productRef = E3847AB12AB376B700923A5E /* KeyboardShortcuts */; };
		E384F28024C3B37E002FD21B /* Events.swift in Sources */ = {isa = PBXBuildFile; fileRef = E384F27F24C3B37E002FD21B /* Events.swift */; };
		E384F28224C3B3CD002FD21B /* Menus.swift in Sources */ = {isa = PBXBuildFile; fileRef = E384F28124C3B3CD002FD21B /* Menus.swift */; };
		0A4F153DC890C7DFA2A7A8E0 /* HoldToInteract.swift in Sources */ = {isa = PBXBuildFile; fileRef = CD930160F48AB39B7B757FE2 /* HoldToInteract.swift */; };
		E3EC5A86250D7A0C00ABE1A1 /* WelcomeScreen.swift in Sources */ = {isa = PBXBuildFile; fileRef = E3EC5A85250D7A0C00ABE1A1 /* WelcomeScreen.swift */; };
		66A8D44DC83A0DDD8B0E8AA1 /* Localizable.xcstrings in Resources */ = {isa = PBXBuildFile; fileRef = 2BA31C0FAF40DE6D9B93FFA1 /* Localizable.xcstrings */; };
		E3FA21AD23C74E6B00059E43 /* InternetAccessPolicy.json in Resources */ = {isa = PBXBuildFile; fileRef = E3FA21AC23C74E6B00059E43 /* InternetAccessPolicy.json */; };
		E3FAF815264333D300CF7963 /* Website.swift in Sources */ = {isa = PBXBuildFile; fileRef = E3FAF814264333D300CF7963 /* Website.swift */; };
		A1C0DE01B0074E01A0000017 /* WebsiteIconFetcher.swift in Sources */ = {isa = PBXBuildFile; fileRef = A1C0DE01B0074E01A0000018 /* WebsiteIconFetcher.swift */; };
/* End PBXBuildFile section */

/* Begin PBXContainerItemProxy section */
		E32AD6B426D2718B0008D900 /* PBXContainerItemProxy */ = {
			isa = PBXContainerItemProxy;
			containerPortal = E32421282384E9D700D28A91 /* Project object */;
			proxyType = 1;
			remoteGlobalIDString = E32AD6A826D2718B0008D900;
			remoteInfo = ShareExtension;
		};
/* End PBXContainerItemProxy section */

/* Begin PBXCopyFilesBuildPhase section */
		E32AD6B726D2718B0008D900 /* Embed Foundation Extensions */ = {
			isa = PBXCopyFilesBuildPhase;
			buildActionMask = 2147483647;
			dstPath = "";
			dstSubfolderSpec = 13;
			files = (
				E32AD6B626D2718B0008D900 /* Share Extension.appex in Embed Foundation Extensions */,
			);
			name = "Embed Foundation Extensions";
			runOnlyForDeploymentPostprocessing = 0;
		};
/* End PBXCopyFilesBuildPhase section */

/* Begin PBXFileReference section */
		E30FD88823C4515200C716E9 /* SSWebView.swift */ = {isa = PBXFileReference; fileEncoding = 4; lastKnownFileType = sourcecode.swift; lineEnding = 0; path = SSWebView.swift; sourceTree = "<group>"; usesTabs = 1; };
		E32421302384E9D700D28A91 /* Nifro.app */ = {isa = PBXFileReference; explicitFileType = wrapper.application; includeInIndex = 0; path = Nifro.app; sourceTree = BUILT_PRODUCTS_DIR; };
		E32421332384E9D700D28A91 /* AppState.swift */ = {isa = PBXFileReference; fileEncoding = 4; lastKnownFileType = sourcecode.swift; lineEnding = 0; path = AppState.swift; sourceTree = "<group>"; usesTabs = 1; };
		E32421352384E9D700D28A91 /* AddWebsiteScreen.swift */ = {isa = PBXFileReference; fileEncoding = 4; lastKnownFileType = sourcecode.swift; lineEnding = 0; path = AddWebsiteScreen.swift; sourceTree = "<group>"; usesTabs = 1; };
		E32421372384E9D900D28A91 /* Assets.xcassets */ = {isa = PBXFileReference; lastKnownFileType = folder.assetcatalog; path = Assets.xcassets; sourceTree = "<group>"; };
		E324213A2384E9D900D28A91 /* Preview Assets.xcassets */ = {isa = PBXFileReference; lastKnownFileType = folder.assetcatalog; path = "Preview Assets.xcassets"; sourceTree = "<group>"; };
		E324213F2384E9D900D28A91 /* Info.plist */ = {isa = PBXFileReference; lastKnownFileType = text.plist.xml; path = Info.plist; sourceTree = "<group>"; };
		2BA31C0FAF40DE6D9B93FFA1 /* Localizable.xcstrings */ = {isa = PBXFileReference; lastKnownFileType = text.json.xcstrings; path = Localizable.xcstrings; sourceTree = "<group>"; };
		E32421402384E9D900D28A91 /* Nifro.entitlements */ = {isa = PBXFileReference; lastKnownFileType = text.plist.entitlements; path = Nifro.entitlements; sourceTree = "<group>"; };
		E32421462384EB4E00D28A91 /* DesktopWindow.swift */ = {isa = PBXFileReference; fileEncoding = 4; lastKnownFileType = sourcecode.swift; lineEnding = 0; path = DesktopWindow.swift; sourceTree = "<group>"; usesTabs = 1; };
		E32421552384F09D00D28A91 /* Constants.swift */ = {isa = PBXFileReference; fileEncoding = 4; lastKnownFileType = sourcecode.swift; lineEnding = 0; path = Constants.swift; sourceTree = "<group>"; usesTabs = 1; };
		2BA31C0FAF40DE6E9B93FFE2 /* Actions.swift */ = {isa = PBXFileReference; fileEncoding = 4; lastKnownFileType = sourcecode.swift; lineEnding = 0; path = Actions.swift; sourceTree = "<group>"; usesTabs = 1; };
		2BA31C0FAF40DE6D9B93FFE1 /* Shortcuts.swift */ = {isa = PBXFileReference; fileEncoding = 4; lastKnownFileType = sourcecode.swift; lineEnding = 0; path = Shortcuts.swift; sourceTree = "<group>"; usesTabs = 1; };
		E32421592384FBE500D28A91 /* WebViewController.swift */ = {isa = PBXFileReference; fileEncoding = 4; lastKnownFileType = sourcecode.swift; lineEnding = 0; path = WebViewController.swift; sourceTree = "<group>"; usesTabs = 1; };
		907A9EFAA3D92EE2E782D1EE /* SiteGalleryScreen.swift */ = {isa = PBXFileReference; fileEncoding = 4; lastKnownFileType = sourcecode.swift; lineEnding = 0; path = SiteGalleryScreen.swift; sourceTree = "<group>"; usesTabs = 1; };
		BE550ECBADBF01976B63976D /* SiteCatalog.generated.swift */ = {isa = PBXFileReference; fileEncoding = 4; lastKnownFileType = sourcecode.swift; lineEnding = 0; path = SiteCatalog.generated.swift; sourceTree = "<group>"; usesTabs = 1; };
		144C837DC38F0A9C8BB73A61 /* SiteCatalog.swift */ = {isa = PBXFileReference; fileEncoding = 4; lastKnownFileType = sourcecode.swift; lineEnding = 0; path = SiteCatalog.swift; sourceTree = "<group>"; usesTabs = 1; };
		15BE7EAB516E7079A6E1272D /* Playlist.swift */ = {isa = PBXFileReference; fileEncoding = 4; lastKnownFileType = sourcecode.swift; lineEnding = 0; path = Playlist.swift; sourceTree = "<group>"; usesTabs = 1; };
		A087FD8A47F189760F0AB306 /* CropSelection.swift */ = {isa = PBXFileReference; fileEncoding = 4; lastKnownFileType = sourcecode.swift; lineEnding = 0; path = CropSelection.swift; sourceTree = "<group>"; usesTabs = 1; };
		F816F6528ECE2649BA82D438 /* CropSelectionView.swift */ = {isa = PBXFileReference; fileEncoding = 4; lastKnownFileType = sourcecode.swift; lineEnding = 0; path = CropSelectionView.swift; sourceTree = "<group>"; usesTabs = 1; };
		E2E55F44121887A577509380 /* DimWhenUnfocused.swift */ = {isa = PBXFileReference; fileEncoding = 4; lastKnownFileType = sourcecode.swift; lineEnding = 0; path = DimWhenUnfocused.swift; sourceTree = "<group>"; usesTabs = 1; };
		A6ECFB57E09E3EAEAFA81C47 /* AboutSettings.swift */ = {isa = PBXFileReference; fileEncoding = 4; lastKnownFileType = sourcecode.swift; lineEnding = 0; path = AboutSettings.swift; sourceTree = "<group>"; usesTabs = 1; };
		37A22FF14B425D5D7E6F2A3D /* SwapLoading.swift */ = {isa = PBXFileReference; fileEncoding = 4; lastKnownFileType = sourcecode.swift; lineEnding = 0; path = SwapLoading.swift; sourceTree = "<group>"; usesTabs = 1; };
		D751AB31404DF89921BB1EB8 /* ContentRules.swift */ = {isa = PBXFileReference; fileEncoding = 4; lastKnownFileType = sourcecode.swift; lineEnding = 0; path = ContentRules.swift; sourceTree = "<group>"; usesTabs = 1; };
		8022D73138D2D927070B3744 /* WallpaperScene.swift */ = {isa = PBXFileReference; fileEncoding = 4; lastKnownFileType = sourcecode.swift; lineEnding = 0; path = WallpaperScene.swift; sourceTree = "<group>"; usesTabs = 1; };
		8BB5B9537B30041D469CE55C /* ScrollRestoration.swift */ = {isa = PBXFileReference; fileEncoding = 4; lastKnownFileType = sourcecode.swift; lineEnding = 0; path = ScrollRestoration.swift; sourceTree = "<group>"; usesTabs = 1; };
		DB494D7D82CDA92E0D71731F /* MenuBarBand.swift */ = {isa = PBXFileReference; fileEncoding = 4; lastKnownFileType = sourcecode.swift; lineEnding = 0; path = MenuBarBand.swift; sourceTree = "<group>"; usesTabs = 1; };
		A081BCFF6DF8B8B2FB4CB31B /* Geometry.swift */ = {isa = PBXFileReference; fileEncoding = 4; lastKnownFileType = sourcecode.swift; lineEnding = 0; path = Geometry.swift; sourceTree = "<group>"; usesTabs = 1; };
		47F1A73D88562E6E93A3A692 /* VideoEmbed.swift */ = {isa = PBXFileReference; fileEncoding = 4; lastKnownFileType = sourcecode.swift; lineEnding = 0; path = VideoEmbed.swift; sourceTree = "<group>"; usesTabs = 1; };
		0B4B73021E1104C03600DEFE /* Schedule.swift */ = {isa = PBXFileReference; fileEncoding = 4; lastKnownFileType = sourcecode.swift; lineEnding = 0; path = Schedule.swift; sourceTree = "<group>"; usesTabs = 1; };
		A1C0DE01B0074E01A0000022 /* URLCommand.swift */ = {isa = PBXFileReference; fileEncoding = 4; lastKnownFileType = sourcecode.swift; lineEnding = 0; path = URLCommand.swift; sourceTree = "<group>"; usesTabs = 1; };
		A1C0DE01B0074E01A0000016 /* ImageCache.swift */ = {isa = PBXFileReference; fileEncoding = 4; lastKnownFileType = sourcecode.swift; lineEnding = 0; path = ImageCache.swift; sourceTree = "<group>"; usesTabs = 1; };
		A1C0DE01B0074E01A0000042 /* DiskBudget.swift */ = {isa = PBXFileReference; fileEncoding = 4; lastKnownFileType = sourcecode.swift; lineEnding = 0; path = DiskBudget.swift; sourceTree = "<group>"; usesTabs = 1; };
		A1C0DE01B0074E01A0000052 /* UpdateCheck.swift */ = {isa = PBXFileReference; fileEncoding = 4; lastKnownFileType = sourcecode.swift; lineEnding = 0; path = UpdateCheck.swift; sourceTree = "<group>"; usesTabs = 1; };
		A1C0DE01B0074E01A0000014 /* SecurityScopedBookmarks.swift */ = {isa = PBXFileReference; fileEncoding = 4; lastKnownFileType = sourcecode.swift; lineEnding = 0; path = SecurityScopedBookmarks.swift; sourceTree = "<group>"; usesTabs = 1; };
		A1C0DE01B0074E01A0000012 /* ScrollableTextView.swift */ = {isa = PBXFileReference; fileEncoding = 4; lastKnownFileType = sourcecode.swift; lineEnding = 0; path = ScrollableTextView.swift; sourceTree = "<group>"; usesTabs = 1; };
		A1C0DE01B0074E01A0000002 /* Rotation.swift */ = {isa = PBXFileReference; fileEncoding = 4; lastKnownFileType = sourcecode.swift; lineEnding = 0; path = Rotation.swift; sourceTree = "<group>"; usesTabs = 1; };
		E84336098C3DBE55C6CA62CE /* MenuSupport.swift */ = {isa = PBXFileReference; fileEncoding = 4; lastKnownFileType = sourcecode.swift; lineEnding = 0; path = MenuSupport.swift; sourceTree = "<group>"; usesTabs = 1; };
		FF3B75EF61B0B424DBE27645 /* Display.swift */ = {isa = PBXFileReference; fileEncoding = 4; lastKnownFileType = sourcecode.swift; lineEnding = 0; path = Display.swift; sourceTree = "<group>"; usesTabs = 1; };
		348C6589BF6FF0DC7E0FC30E /* SystemEvents.swift */ = {isa = PBXFileReference; fileEncoding = 4; lastKnownFileType = sourcecode.swift; lineEnding = 0; path = SystemEvents.swift; sourceTree = "<group>"; usesTabs = 1; };
		1B1015E7B6A4EC8F5BF9A1A0 /* AppInfo.swift */ = {isa = PBXFileReference; fileEncoding = 4; lastKnownFileType = sourcecode.swift; lineEnding = 0; path = AppInfo.swift; sourceTree = "<group>"; usesTabs = 1; };
		41139DB4E6DE331ED5751E4F /* Extensions.swift */ = {isa = PBXFileReference; fileEncoding = 4; lastKnownFileType = sourcecode.swift; lineEnding = 0; path = Extensions.swift; sourceTree = "<group>"; usesTabs = 1; };
		375CB4FD5AF2291C2B0D99D0 /* WebsiteSettings.swift */ = {isa = PBXFileReference; fileEncoding = 4; lastKnownFileType = sourcecode.swift; lineEnding = 0; path = WebsiteSettings.swift; sourceTree = "<group>"; usesTabs = 1; };
		868FFECC725D3D54F254BEF5 /* PageView.swift */ = {isa = PBXFileReference; fileEncoding = 4; lastKnownFileType = sourcecode.swift; lineEnding = 0; path = PageView.swift; sourceTree = "<group>"; usesTabs = 1; };
		2BA31C0FAF40DE6D9B93FFB1 /* WebsiteReport.swift */ = {isa = PBXFileReference; fileEncoding = 4; lastKnownFileType = sourcecode.swift; lineEnding = 0; path = WebsiteReport.swift; sourceTree = "<group>"; usesTabs = 1; };
		2BA31C0FAF40DE6D9B93FFC1 /* Text.swift */ = {isa = PBXFileReference; fileEncoding = 4; lastKnownFileType = sourcecode.swift; lineEnding = 0; path = Text.swift; sourceTree = "<group>"; usesTabs = 1; };
		2BA31C0FAF40DE6F9B93FFE3 /* IntervalField.swift */ = {isa = PBXFileReference; fileEncoding = 4; lastKnownFileType = sourcecode.swift; lineEnding = 0; path = IntervalField.swift; sourceTree = "<group>"; usesTabs = 1; };
		2BA31C0FAF40DE6D9B93FFD1 /* SettingHelp.swift */ = {isa = PBXFileReference; fileEncoding = 4; lastKnownFileType = sourcecode.swift; lineEnding = 0; path = SettingHelp.swift; sourceTree = "<group>"; usesTabs = 1; };
		E32AD6A926D2718B0008D900 /* Share Extension.appex */ = {isa = PBXFileReference; explicitFileType = "wrapper.app-extension"; includeInIndex = 0; path = "Share Extension.appex"; sourceTree = BUILT_PRODUCTS_DIR; };
		E32AD6AD26D2718B0008D900 /* ShareController.swift */ = {isa = PBXFileReference; lastKnownFileType = sourcecode.swift; path = ShareController.swift; sourceTree = "<group>"; };
		E32AD6BC26D275070008D900 /* Utilities.swift */ = {isa = PBXFileReference; lastKnownFileType = sourcecode.swift; path = Utilities.swift; sourceTree = "<group>"; };
		E32AD6B226D2718B0008D900 /* Info.plist */ = {isa = PBXFileReference; lastKnownFileType = text.plist.xml; path = Info.plist; sourceTree = "<group>"; };
		E32AD6B326D2718B0008D900 /* ShareExtension.entitlements */ = {isa = PBXFileReference; lastKnownFileType = text.plist.entitlements; path = ShareExtension.entitlements; sourceTree = "<group>"; };
		E32AD6BB26D271C00008D900 /* Config.xcconfig */ = {isa = PBXFileReference; lastKnownFileType = text.xcconfig; path = Config.xcconfig; sourceTree = "<group>"; };
		E333EB1A2385244E005FCE44 /* SettingsScreen.swift */ = {isa = PBXFileReference; fileEncoding = 4; lastKnownFileType = sourcecode.swift; lineEnding = 0; path = SettingsScreen.swift; sourceTree = "<group>"; usesTabs = 1; };
		E3369A99265E344300BAC78B /* URLCommands.swift */ = {isa = PBXFileReference; lastKnownFileType = sourcecode.swift; path = URLCommands.swift; sourceTree = "<group>"; };
		E3494C1A297D38CC00983648 /* Intents.swift */ = {isa = PBXFileReference; lastKnownFileType = sourcecode.swift; path = Intents.swift; sourceTree = "<group>"; };
		E34FCBCD264D32150022BDD3 /* App.swift */ = {isa = PBXFileReference; lastKnownFileType = sourcecode.swift; path = App.swift; sourceTree = "<group>"; };
		E354442E26062D6300CA060F /* WebsitesScreen.swift */ = {isa = PBXFileReference; lastKnownFileType = sourcecode.swift; path = WebsitesScreen.swift; sourceTree = "<group>"; };
		E354443B2607505100CA060F /* WebsitesController.swift */ = {isa = PBXFileReference; lastKnownFileType = sourcecode.swift; path = WebsitesController.swift; sourceTree = "<group>"; };
		E384F27F24C3B37E002FD21B /* Events.swift */ = {isa = PBXFileReference; lastKnownFileType = sourcecode.swift; path = Events.swift; sourceTree = "<group>"; };
		E384F28124C3B3CD002FD21B /* Menus.swift */ = {isa = PBXFileReference; lastKnownFileType = sourcecode.swift; path = Menus.swift; sourceTree = "<group>"; };
		CD930160F48AB39B7B757FE2 /* HoldToInteract.swift */ = {isa = PBXFileReference; fileEncoding = 4; lastKnownFileType = sourcecode.swift; lineEnding = 0; path = HoldToInteract.swift; sourceTree = "<group>"; usesTabs = 1; };
		E3EC5A85250D7A0C00ABE1A1 /* WelcomeScreen.swift */ = {isa = PBXFileReference; fileEncoding = 4; lastKnownFileType = sourcecode.swift; lineEnding = 0; path = WelcomeScreen.swift; sourceTree = "<group>"; usesTabs = 1; };
		E3FA21AC23C74E6B00059E43 /* InternetAccessPolicy.json */ = {isa = PBXFileReference; fileEncoding = 4; lastKnownFileType = text.json; lineEnding = 0; path = InternetAccessPolicy.json; sourceTree = "<group>"; usesTabs = 1; };
		E3FAF814264333D300CF7963 /* Website.swift */ = {isa = PBXFileReference; lastKnownFileType = sourcecode.swift; path = Website.swift; sourceTree = "<group>"; };
		A1C0DE01B0074E01A0000018 /* WebsiteIconFetcher.swift */ = {isa = PBXFileReference; fileEncoding = 4; lastKnownFileType = sourcecode.swift; lineEnding = 0; path = WebsiteIconFetcher.swift; sourceTree = "<group>"; usesTabs = 1; };
/* End PBXFileReference section */

/* Begin PBXFrameworksBuildPhase section */
		E324212D2384E9D700D28A91 /* Frameworks */ = {
			isa = PBXFrameworksBuildPhase;
			buildActionMask = 2147483647;
			files = (
				E3294F7E255783A800D4172F /* Defaults in Frameworks */,
				E3847AB22AB376B700923A5E /* KeyboardShortcuts in Frameworks */,
				E3494C19297D236000983648 /* LaunchAtLogin in Frameworks */,
			);
			runOnlyForDeploymentPostprocessing = 0;
		};
		E32AD6A626D2718B0008D900 /* Frameworks */ = {
			isa = PBXFrameworksBuildPhase;
			buildActionMask = 2147483647;
			files = (
			);
			runOnlyForDeploymentPostprocessing = 0;
		};
/* End PBXFrameworksBuildPhase section */

/* Begin PBXGroup section */
		E32421272384E9D700D28A91 = {
			isa = PBXGroup;
			children = (
				E32AD6BB26D271C00008D900 /* Config.xcconfig */,
				E32421322384E9D700D28A91 /* Nifro */,
				E32AD6AA26D2718B0008D900 /* ShareExtension */,
				E32421312384E9D700D28A91 /* Products */,
			);
			sourceTree = "<group>";
			tabWidth = 4;
			usesTabs = 1;
		};
		E32421312384E9D700D28A91 /* Products */ = {
			isa = PBXGroup;
			children = (
				E32421302384E9D700D28A91 /* Nifro.app */,
				E32AD6A926D2718B0008D900 /* Share Extension.appex */,
			);
			name = Products;
			sourceTree = "<group>";
		};
		E32421322384E9D700D28A91 /* Nifro */ = {
			isa = PBXGroup;
			children = (
				EE1AB06D18301CB4D87D01AC /* App */,
				0C6280DE3D2F52650DA0DACB /* Wallpaper */,
				7A668003D19FD174C1D570F8 /* Visibility */,
				8CFB69EBB1C2D3D6E31D56FD /* Crop */,
				3E99625DC06040A102DC7314 /* Sites */,
				56260C7010D9CCF5536E7C56 /* Screens */,
				7964C184AA1CBE4499C98410 /* Support */,
				E32421372384E9D900D28A91 /* Assets.xcassets */,
				E3EF205F24C0D1A100A5F802 /* Other */,
				E32421392384E9D900D28A91 /* Preview Content */,
			);
			path = Nifro;
			sourceTree = "<group>";
		};
		E32421392384E9D900D28A91 /* Preview Content */ = {
			isa = PBXGroup;
			children = (
				E324213A2384E9D900D28A91 /* Preview Assets.xcassets */,
			);
			path = "Preview Content";
			sourceTree = "<group>";
		};
		E32AD6AA26D2718B0008D900 /* ShareExtension */ = {
			isa = PBXGroup;
			children = (
				E32AD6AD26D2718B0008D900 /* ShareController.swift */,
				E32AD6BC26D275070008D900 /* Utilities.swift */,
				E32AD6B226D2718B0008D900 /* Info.plist */,
				E32AD6B326D2718B0008D900 /* ShareExtension.entitlements */,
			);
			path = ShareExtension;
			sourceTree = "<group>";
		};
		E3EF205F24C0D1A100A5F802 /* Other */ = {
			isa = PBXGroup;
			children = (
				E324213F2384E9D900D28A91 /* Info.plist */,
				E32421402384E9D900D28A91 /* Nifro.entitlements */,
				2BA31C0FAF40DE6D9B93FFA1 /* Localizable.xcstrings */,
				E3FA21AC23C74E6B00059E43 /* InternetAccessPolicy.json */,
			);
			name = Other;
			sourceTree = "<group>";
		};
		EE1AB06D18301CB4D87D01AC /* App */ = {
			isa = PBXGroup;
			children = (
				E34FCBCD264D32150022BDD3 /* App.swift */,
				E32421552384F09D00D28A91 /* Constants.swift */,
				2BA31C0FAF40DE6E9B93FFE2 /* Actions.swift */,
				2BA31C0FAF40DE6D9B93FFE1 /* Shortcuts.swift */,
				E32421332384E9D700D28A91 /* AppState.swift */,
				E384F27F24C3B37E002FD21B /* Events.swift */,
				E384F28124C3B3CD002FD21B /* Menus.swift */,
				CD930160F48AB39B7B757FE2 /* HoldToInteract.swift */,
				E3369A99265E344300BAC78B /* URLCommands.swift */,
				E3494C1A297D38CC00983648 /* Intents.swift */,
			);
			path = App;
			sourceTree = "<group>";
		};
		0C6280DE3D2F52650DA0DACB /* Wallpaper */ = {
			isa = PBXGroup;
			children = (
				E32421462384EB4E00D28A91 /* DesktopWindow.swift */,
				E30FD88823C4515200C716E9 /* SSWebView.swift */,
				E32421592384FBE500D28A91 /* WebViewController.swift */,
				37A22FF14B425D5D7E6F2A3D /* SwapLoading.swift */,
				D751AB31404DF89921BB1EB8 /* ContentRules.swift */,
				8022D73138D2D927070B3744 /* WallpaperScene.swift */,
				8BB5B9537B30041D469CE55C /* ScrollRestoration.swift */,
			);
			path = Wallpaper;
			sourceTree = "<group>";
		};
		7A668003D19FD174C1D570F8 /* Visibility */ = {
			isa = PBXGroup;
			children = (
				E2E55F44121887A577509380 /* DimWhenUnfocused.swift */,
				DB494D7D82CDA92E0D71731F /* MenuBarBand.swift */,
			);
			path = Visibility;
			sourceTree = "<group>";
		};
		8CFB69EBB1C2D3D6E31D56FD /* Crop */ = {
			isa = PBXGroup;
			children = (
				A087FD8A47F189760F0AB306 /* CropSelection.swift */,
				F816F6528ECE2649BA82D438 /* CropSelectionView.swift */,
				375CB4FD5AF2291C2B0D99D0 /* WebsiteSettings.swift */,
				868FFECC725D3D54F254BEF5 /* PageView.swift */,
			);
			path = Zoom;
			sourceTree = "<group>";
		};
		3E99625DC06040A102DC7314 /* Sites */ = {
			isa = PBXGroup;
			children = (
				E354443B2607505100CA060F /* WebsitesController.swift */,
				A1C0DE01B0074E01A0000018 /* WebsiteIconFetcher.swift */,
				E3FAF814264333D300CF7963 /* Website.swift */,
				2BA31C0FAF40DE6D9B93FFB1 /* WebsiteReport.swift */,
				BE550ECBADBF01976B63976D /* SiteCatalog.generated.swift */,
				144C837DC38F0A9C8BB73A61 /* SiteCatalog.swift */,
				15BE7EAB516E7079A6E1272D /* Playlist.swift */,
			);
			path = Sites;
			sourceTree = "<group>";
		};
		56260C7010D9CCF5536E7C56 /* Screens */ = {
			isa = PBXGroup;
			children = (
				907A9EFAA3D92EE2E782D1EE /* SiteGalleryScreen.swift */,
				2BA31C0FAF40DE6F9B93FFE3 /* IntervalField.swift */,
				2BA31C0FAF40DE6D9B93FFD1 /* SettingHelp.swift */,
				A6ECFB57E09E3EAEAFA81C47 /* AboutSettings.swift */,
				E354442E26062D6300CA060F /* WebsitesScreen.swift */,
				E32421352384E9D700D28A91 /* AddWebsiteScreen.swift */,
				E333EB1A2385244E005FCE44 /* SettingsScreen.swift */,
				E3EC5A85250D7A0C00ABE1A1 /* WelcomeScreen.swift */,
			);
			path = Screens;
			sourceTree = "<group>";
		};
		7964C184AA1CBE4499C98410 /* Support */ = {
			isa = PBXGroup;
			children = (
				A081BCFF6DF8B8B2FB4CB31B /* Geometry.swift */,
				2BA31C0FAF40DE6D9B93FFC1 /* Text.swift */,
				47F1A73D88562E6E93A3A692 /* VideoEmbed.swift */,
				A1C0DE01B0074E01A0000002 /* Rotation.swift */,
				A1C0DE01B0074E01A0000012 /* ScrollableTextView.swift */,
				A1C0DE01B0074E01A0000014 /* SecurityScopedBookmarks.swift */,
				A1C0DE01B0074E01A0000042 /* DiskBudget.swift */,
				A1C0DE01B0074E01A0000052 /* UpdateCheck.swift */,
				A1C0DE01B0074E01A0000016 /* ImageCache.swift */,
				0B4B73021E1104C03600DEFE /* Schedule.swift */,
				A1C0DE01B0074E01A0000022 /* URLCommand.swift */,
				E84336098C3DBE55C6CA62CE /* MenuSupport.swift */,
				FF3B75EF61B0B424DBE27645 /* Display.swift */,
				348C6589BF6FF0DC7E0FC30E /* SystemEvents.swift */,
				1B1015E7B6A4EC8F5BF9A1A0 /* AppInfo.swift */,
				41139DB4E6DE331ED5751E4F /* Extensions.swift */,
			);
			path = Support;
			sourceTree = "<group>";
		};
/* End PBXGroup section */

/* Begin PBXNativeTarget section */
		E324212F2384E9D700D28A91 /* Nifro */ = {
			isa = PBXNativeTarget;
			buildConfigurationList = E32421432384E9D900D28A91 /* Build configuration list for PBXNativeTarget "Nifro" */;
			buildPhases = (
				E324214B2384EE8E00D28A91 /* SwiftLint */,
				E324212C2384E9D700D28A91 /* Sources */,
				E324212D2384E9D700D28A91 /* Frameworks */,
				E324212E2384E9D700D28A91 /* Resources */,
				E32AD6B726D2718B0008D900 /* Embed Foundation Extensions */,
			);
			buildRules = (
			);
			dependencies = (
				E32AD6B526D2718B0008D900 /* PBXTargetDependency */,
			);
			name = Nifro;
			packageProductDependencies = (
				E3294F7D255783A800D4172F /* Defaults */,
				E3494C18297D236000983648 /* LaunchAtLogin */,
				E3847AB12AB376B700923A5E /* KeyboardShortcuts */,
			);
			productName = Nifro;
			productReference = E32421302384E9D700D28A91 /* Nifro.app */;
			productType = "com.apple.product-type.application";
		};
		E32AD6A826D2718B0008D900 /* Share Extension */ = {
			isa = PBXNativeTarget;
			buildConfigurationList = E32AD6BA26D2718B0008D900 /* Build configuration list for PBXNativeTarget "Share Extension" */;
			buildPhases = (
				E32AD6A526D2718B0008D900 /* Sources */,
				E32AD6A626D2718B0008D900 /* Frameworks */,
				E32AD6A726D2718B0008D900 /* Resources */,
			);
			buildRules = (
			);
			dependencies = (
			);
			name = "Share Extension";
			productName = ShareExtension;
			productReference = E32AD6A926D2718B0008D900 /* Share Extension.appex */;
			productType = "com.apple.product-type.app-extension";
		};
/* End PBXNativeTarget section */

/* Begin PBXProject section */
		E32421282384E9D700D28A91 /* Project object */ = {
			isa = PBXProject;
			attributes = {
				BuildIndependentTargetsInParallel = YES;
				LastSwiftUpdateCheck = 1250;
				LastUpgradeCheck = 1630;
				ORGANIZATIONNAME = "Sindre Sorhus";
				TargetAttributes = {
					E324212F2384E9D700D28A91 = {
						CreatedOnToolsVersion = 11.2.1;
					};
					E32AD6A826D2718B0008D900 = {
						CreatedOnToolsVersion = 12.5.1;
					};
				};
			};
			buildConfigurationList = E324212B2384E9D700D28A91 /* Build configuration list for PBXProject "Nifro" */;
			developmentRegion = en;
			hasScannedForEncodings = 0;
			knownRegions = (
				en,
				Base,
				"zh-Hans",
			);
			mainGroup = E32421272384E9D700D28A91;
			minimizedProjectReferenceProxies = 1;
			packageReferences = (
				E32421482384ED8300D28A91 /* XCRemoteSwiftPackageReference "Defaults" */,
				E3494C17297D236000983648 /* XCRemoteSwiftPackageReference "LaunchAtLogin-Modern" */,
				E3847AB02AB376B700923A5E /* XCRemoteSwiftPackageReference "KeyboardShortcuts" */,
			);
			preferredProjectObjectVersion = 77;
			productRefGroup = E32421312384E9D700D28A91 /* Products */;
			projectDirPath = "";
			projectRoot = "";
			targets = (
				E324212F2384E9D700D28A91 /* Nifro */,
				E32AD6A826D2718B0008D900 /* Share Extension */,
			);
		};
/* End PBXProject section */

/* Begin PBXResourcesBuildPhase section */
		E324212E2384E9D700D28A91 /* Resources */ = {
			isa = PBXResourcesBuildPhase;
			buildActionMask = 2147483647;
			files = (
				E3FA21AD23C74E6B00059E43 /* InternetAccessPolicy.json in Resources */,
				66A8D44DC83A0DDD8B0E8AA1 /* Localizable.xcstrings in Resources */,
				E324213B2384E9D900D28A91 /* Preview Assets.xcassets in Resources */,
				E32421382384E9D900D28A91 /* Assets.xcassets in Resources */,
			);
			runOnlyForDeploymentPostprocessing = 0;
		};
		E32AD6A726D2718B0008D900 /* Resources */ = {
			isa = PBXResourcesBuildPhase;
			buildActionMask = 2147483647;
			files = (
			);
			runOnlyForDeploymentPostprocessing = 0;
		};
/* End PBXResourcesBuildPhase section */

/* Begin PBXShellScriptBuildPhase section */
		E324214B2384EE8E00D28A91 /* SwiftLint */ = {
			isa = PBXShellScriptBuildPhase;
			alwaysOutOfDate = 1;
			buildActionMask = 2147483647;
			files = (
			);
			inputFileListPaths = (
			);
			inputPaths = (
			);
			name = SwiftLint;
			outputFileListPaths = (
			);
			outputPaths = (
			);
			runOnlyForDeploymentPostprocessing = 0;
			shellPath = /bin/sh;
			shellScript = "PATH=\"/opt/homebrew/bin/:${PATH}\"\n# Skipped rather than failed when it is not installed. Style is checked on CI, and a\n# contributor who has not installed SwiftLint should still be able to build and run the app.\nif command -v swiftlint >/dev/null; then\n  swiftlint\nelse\n  echo \"warning: SwiftLint is not installed, skipping. brew install swiftlint\"\nfi\n";
			showEnvVarsInLog = 0;
		};
/* End PBXShellScriptBuildPhase section */

/* Begin PBXSourcesBuildPhase section */
		E324212C2384E9D700D28A91 /* Sources */ = {
			isa = PBXSourcesBuildPhase;
			buildActionMask = 2147483647;
			files = (
				E32421362384E9D700D28A91 /* AddWebsiteScreen.swift in Sources */,
				E3369A9A265E344300BAC78B /* URLCommands.swift in Sources */,
				E384F28024C3B37E002FD21B /* Events.swift in Sources */,
				E384F28224C3B3CD002FD21B /* Menus.swift in Sources */,
				0A4F153DC890C7DFA2A7A8E0 /* HoldToInteract.swift in Sources */,
				E324215A2384FBE500D28A91 /* WebViewController.swift in Sources */,
				5DCA857FF83FED5BA64A646B /* SiteGalleryScreen.swift in Sources */,
				3CD7FE6C914BB819BD0B846A /* SiteCatalog.generated.swift in Sources */,
				6A7C9A751E80818D883AA349 /* SiteCatalog.swift in Sources */,
				6D7BDBFF34F7B4D3478AFF38 /* Playlist.swift in Sources */,
				B853A2BA513E772BD737AD44 /* CropSelection.swift in Sources */,
				32D5714C709DBD76A2370D13 /* CropSelectionView.swift in Sources */,
				09AD36F5F7945DFEE7B4A938 /* DimWhenUnfocused.swift in Sources */,
				90372F4A56E2E0453B651FEE /* AboutSettings.swift in Sources */,
				3A6D23E265F2D846E64E08F3 /* SwapLoading.swift in Sources */,
				A0F10334F3FF96ABCC480803 /* ContentRules.swift in Sources */,
				BD0C69E56B842F1B2CAA990C /* WallpaperScene.swift in Sources */,
				17E64A773B2907C884AD5849 /* ScrollRestoration.swift in Sources */,
				F7CEB84C882E8730A2C4B649 /* MenuBarBand.swift in Sources */,
				2304ABCA5B85D50BF749039D /* Geometry.swift in Sources */,
				D01E670AD9D65C111C3E3E3F /* VideoEmbed.swift in Sources */,
				A1C0DE01B0074E01A0000001 /* Rotation.swift in Sources */,
				A1C0DE01B0074E01A0000011 /* ScrollableTextView.swift in Sources */,
				A1C0DE01B0074E01A0000013 /* SecurityScopedBookmarks.swift in Sources */,
				A1C0DE01B0074E01A0000041 /* DiskBudget.swift in Sources */,
				A1C0DE01B0074E01A0000051 /* UpdateCheck.swift in Sources */,
				A1C0DE01B0074E01A0000015 /* ImageCache.swift in Sources */,
				3188AB74960C1A115F1F09B8 /* Schedule.swift in Sources */,
				A1C0DE01B0074E01A0000021 /* URLCommand.swift in Sources */,
				5D03B00441481AA32BEF388F /* MenuSupport.swift in Sources */,
				DD3CC9A78917D05BF2C0B573 /* Display.swift in Sources */,
				B908EAF815B4DAB91DF7F3CA /* SystemEvents.swift in Sources */,
				5BADEF0D674313D2E76CC56F /* AppInfo.swift in Sources */,
				F98F6DCE0A0A6A4779A12608 /* Extensions.swift in Sources */,
				4BA49C1538F7FCF45D0FC315 /* WebsiteSettings.swift in Sources */,
				FC11C05F76D3F4DD4871E11A /* PageView.swift in Sources */,
				66A8D44DC83A0DDF8B0E8EE3 /* IntervalField.swift in Sources */,
				66A8D44DC83A0DDD8B0E8DD1 /* SettingHelp.swift in Sources */,
				66A8D44DC83A0DDD8B0E8CC1 /* Text.swift in Sources */,
				66A8D44DC83A0DDD8B0E8BB1 /* WebsiteReport.swift in Sources */,
				E3494C26297D38CC00983648 /* Intents.swift in Sources */,
				E32421342384E9D700D28A91 /* AppState.swift in Sources */,
				E32421472384EB4E00D28A91 /* DesktopWindow.swift in Sources */,
				E30FD88923C4515200C716E9 /* SSWebView.swift in Sources */,
				E34FCBCE264D32150022BDD3 /* App.swift in Sources */,
				E32421562384F09D00D28A91 /* Constants.swift in Sources */,
				66A8D44DC83A0DDE8B0E8EE2 /* Actions.swift in Sources */,
				66A8D44DC83A0DDD8B0E8EE1 /* Shortcuts.swift in Sources */,
				A1C0DE01B0074E01A0000017 /* WebsiteIconFetcher.swift in Sources */,
				E3FAF815264333D300CF7963 /* Website.swift in Sources */,
				E333EB1B2385244E005FCE44 /* SettingsScreen.swift in Sources */,
				E354442F26062D6300CA060F /* WebsitesScreen.swift in Sources */,
				E354443C2607505100CA060F /* WebsitesController.swift in Sources */,
				E3EC5A86250D7A0C00ABE1A1 /* WelcomeScreen.swift in Sources */,
			);
			runOnlyForDeploymentPostprocessing = 0;
		};
		E32AD6A526D2718B0008D900 /* Sources */ = {
			isa = PBXSourcesBuildPhase;
			buildActionMask = 2147483647;
			files = (
				E32AD6AE26D2718B0008D900 /* ShareController.swift in Sources */,
				E32AD6BD26D275070008D900 /* Utilities.swift in Sources */,
			);
			runOnlyForDeploymentPostprocessing = 0;
		};
/* End PBXSourcesBuildPhase section */

/* Begin PBXTargetDependency section */
		E32AD6B526D2718B0008D900 /* PBXTargetDependency */ = {
			isa = PBXTargetDependency;
			target = E32AD6A826D2718B0008D900 /* Share Extension */;
			targetProxy = E32AD6B426D2718B0008D900 /* PBXContainerItemProxy */;
		};
/* End PBXTargetDependency section */

/* Begin XCBuildConfiguration section */
		E32421412384E9D900D28A91 /* Debug */ = {
			isa = XCBuildConfiguration;
			baseConfigurationReference = E32AD6BB26D271C00008D900 /* Config.xcconfig */;
			buildSettings = {
				ALWAYS_SEARCH_USER_PATHS = NO;
				ASSETCATALOG_COMPILER_GENERATE_SWIFT_ASSET_SYMBOL_EXTENSIONS = YES;
				CLANG_ANALYZER_NONNULL = YES;
				CLANG_ANALYZER_NUMBER_OBJECT_CONVERSION = YES_AGGRESSIVE;
				CLANG_CXX_LANGUAGE_STANDARD = "gnu++17";
				CLANG_CXX_LIBRARY = "libc++";
				CLANG_ENABLE_MODULES = YES;
				CLANG_ENABLE_OBJC_ARC = YES;
				CLANG_ENABLE_OBJC_WEAK = YES;
				CLANG_WARN_BLOCK_CAPTURE_AUTORELEASING = YES;
				CLANG_WARN_BOOL_CONVERSION = YES;
				CLANG_WARN_COMMA = YES;
				CLANG_WARN_CONSTANT_CONVERSION = YES;
				CLANG_WARN_DEPRECATED_OBJC_IMPLEMENTATIONS = YES;
				CLANG_WARN_DIRECT_OBJC_ISA_USAGE = YES_ERROR;
				CLANG_WARN_DOCUMENTATION_COMMENTS = YES;
				CLANG_WARN_EMPTY_BODY = YES;
				CLANG_WARN_ENUM_CONVERSION = YES;
				CLANG_WARN_INFINITE_RECURSION = YES;
				CLANG_WARN_INT_CONVERSION = YES;
				CLANG_WARN_NON_LITERAL_NULL_CONVERSION = YES;
				CLANG_WARN_OBJC_IMPLICIT_RETAIN_SELF = YES;
				CLANG_WARN_OBJC_LITERAL_CONVERSION = YES;
				CLANG_WARN_OBJC_ROOT_CLASS = YES_ERROR;
				CLANG_WARN_QUOTED_INCLUDE_IN_FRAMEWORK_HEADER = YES;
				CLANG_WARN_RANGE_LOOP_ANALYSIS = YES;
				CLANG_WARN_STRICT_PROTOTYPES = YES;
				CLANG_WARN_SUSPICIOUS_MOVE = YES;
				CLANG_WARN_UNGUARDED_AVAILABILITY = YES_AGGRESSIVE;
				CLANG_WARN_UNREACHABLE_CODE = YES;
				CLANG_WARN__DUPLICATE_METHOD_MATCH = YES;
				COPY_PHASE_STRIP = NO;
				DEAD_CODE_STRIPPING = YES;
				DEBUG_INFORMATION_FORMAT = dwarf;
				ENABLE_STRICT_OBJC_MSGSEND = YES;
				ENABLE_TESTABILITY = YES;
				ENABLE_USER_SCRIPT_SANDBOXING = NO;
				GCC_C_LANGUAGE_STANDARD = gnu11;
				GCC_DYNAMIC_NO_PIC = NO;
				GCC_NO_COMMON_BLOCKS = YES;
				GCC_OPTIMIZATION_LEVEL = 0;
				GCC_PREPROCESSOR_DEFINITIONS = (
					"DEBUG=1",
					"$(inherited)",
				);
				GCC_WARN_64_TO_32_BIT_CONVERSION = YES;
				GCC_WARN_ABOUT_RETURN_TYPE = YES_ERROR;
				GCC_WARN_UNDECLARED_SELECTOR = YES;
				GCC_WARN_UNINITIALIZED_AUTOS = YES_AGGRESSIVE;
				GCC_WARN_UNUSED_FUNCTION = YES;
				GCC_WARN_UNUSED_VARIABLE = YES;
				MACOSX_DEPLOYMENT_TARGET = 15.0;
				MTL_ENABLE_DEBUG_INFO = INCLUDE_SOURCE;
				MTL_FAST_MATH = YES;
				ONLY_ACTIVE_ARCH = YES;
				SDKROOT = macosx;
				SWIFT_ACTIVE_COMPILATION_CONDITIONS = DEBUG;
				SWIFT_OPTIMIZATION_LEVEL = "-Onone";
				SWIFT_VERSION = 6.0;
			};
			name = Debug;
		};
		E32421422384E9D900D28A91 /* Release */ = {
			isa = XCBuildConfiguration;
			baseConfigurationReference = E32AD6BB26D271C00008D900 /* Config.xcconfig */;
			buildSettings = {
				ALWAYS_SEARCH_USER_PATHS = NO;
				ASSETCATALOG_COMPILER_GENERATE_SWIFT_ASSET_SYMBOL_EXTENSIONS = YES;
				CLANG_ANALYZER_NONNULL = YES;
				CLANG_ANALYZER_NUMBER_OBJECT_CONVERSION = YES_AGGRESSIVE;
				CLANG_CXX_LANGUAGE_STANDARD = "gnu++17";
				CLANG_CXX_LIBRARY = "libc++";
				CLANG_ENABLE_MODULES = YES;
				CLANG_ENABLE_OBJC_ARC = YES;
				CLANG_ENABLE_OBJC_WEAK = YES;
				CLANG_WARN_BLOCK_CAPTURE_AUTORELEASING = YES;
				CLANG_WARN_BOOL_CONVERSION = YES;
				CLANG_WARN_COMMA = YES;
				CLANG_WARN_CONSTANT_CONVERSION = YES;
				CLANG_WARN_DEPRECATED_OBJC_IMPLEMENTATIONS = YES;
				CLANG_WARN_DIRECT_OBJC_ISA_USAGE = YES_ERROR;
				CLANG_WARN_DOCUMENTATION_COMMENTS = YES;
				CLANG_WARN_EMPTY_BODY = YES;
				CLANG_WARN_ENUM_CONVERSION = YES;
				CLANG_WARN_INFINITE_RECURSION = YES;
				CLANG_WARN_INT_CONVERSION = YES;
				CLANG_WARN_NON_LITERAL_NULL_CONVERSION = YES;
				CLANG_WARN_OBJC_IMPLICIT_RETAIN_SELF = YES;
				CLANG_WARN_OBJC_LITERAL_CONVERSION = YES;
				CLANG_WARN_OBJC_ROOT_CLASS = YES_ERROR;
				CLANG_WARN_QUOTED_INCLUDE_IN_FRAMEWORK_HEADER = YES;
				CLANG_WARN_RANGE_LOOP_ANALYSIS = YES;
				CLANG_WARN_STRICT_PROTOTYPES = YES;
				CLANG_WARN_SUSPICIOUS_MOVE = YES;
				CLANG_WARN_UNGUARDED_AVAILABILITY = YES_AGGRESSIVE;
				CLANG_WARN_UNREACHABLE_CODE = YES;
				CLANG_WARN__DUPLICATE_METHOD_MATCH = YES;
				COPY_PHASE_STRIP = NO;
				DEAD_CODE_STRIPPING = YES;
				DEBUG_INFORMATION_FORMAT = "dwarf-with-dsym";
				ENABLE_NS_ASSERTIONS = NO;
				ENABLE_STRICT_OBJC_MSGSEND = YES;
				ENABLE_USER_SCRIPT_SANDBOXING = NO;
				GCC_C_LANGUAGE_STANDARD = gnu11;
				GCC_NO_COMMON_BLOCKS = YES;
				GCC_WARN_64_TO_32_BIT_CONVERSION = YES;
				GCC_WARN_ABOUT_RETURN_TYPE = YES_ERROR;
				GCC_WARN_UNDECLARED_SELECTOR = YES;
				GCC_WARN_UNINITIALIZED_AUTOS = YES_AGGRESSIVE;
				GCC_WARN_UNUSED_FUNCTION = YES;
				GCC_WARN_UNUSED_VARIABLE = YES;
				MACOSX_DEPLOYMENT_TARGET = 15.0;
				MTL_ENABLE_DEBUG_INFO = NO;
				MTL_FAST_MATH = YES;
				SDKROOT = macosx;
				SWIFT_COMPILATION_MODE = wholemodule;
				SWIFT_OPTIMIZATION_LEVEL = "-O";
				SWIFT_VERSION = 6.0;
			};
			name = Release;
		};
		E32421442384E9D900D28A91 /* Debug */ = {
			isa = XCBuildConfiguration;
			buildSettings = {
				ASSETCATALOG_COMPILER_APPICON_NAME = AppIcon;
				CODE_SIGN_ENTITLEMENTS = Nifro/Nifro.entitlements;
				CODE_SIGN_IDENTITY = "Apple Development";
				CODE_SIGN_STYLE = Automatic;
				COMBINE_HIDPI_IMAGES = YES;
				DEAD_CODE_STRIPPING = YES;
				DEVELOPMENT_ASSET_PATHS = "\"Nifro/Preview Content\"";
				ENABLE_HARDENED_RUNTIME = YES;
				ENABLE_PREVIEWS = YES;
				GENERATE_INFOPLIST_FILE = YES;
				INFOPLIST_FILE = Nifro/Info.plist;
				INFOPLIST_KEY_LSApplicationCategoryType = "public.app-category.utilities";
				INFOPLIST_KEY_LSUIElement = YES;
				INFOPLIST_KEY_NSHumanReadableCopyright = "MIT License. Derived from Plash © Sindre Sorhus.";
				LD_RUNPATH_SEARCH_PATHS = (
					"$(inherited)",
					"@executable_path/../Frameworks",
				);
				PRODUCT_BUNDLE_IDENTIFIER = com.pathgao.nifro;
				PRODUCT_NAME = "$(TARGET_NAME)";
				SWIFT_EMIT_LOC_STRINGS = YES;
			};
			name = Debug;
		};
		E32421452384E9D900D28A91 /* Release */ = {
			isa = XCBuildConfiguration;
			buildSettings = {
				ASSETCATALOG_COMPILER_APPICON_NAME = AppIcon;
				CODE_SIGN_ENTITLEMENTS = Nifro/Nifro.entitlements;
				CODE_SIGN_IDENTITY = "Apple Development";
				CODE_SIGN_STYLE = Automatic;
				COMBINE_HIDPI_IMAGES = YES;
				DEAD_CODE_STRIPPING = YES;
				DEVELOPMENT_ASSET_PATHS = "\"Nifro/Preview Content\"";
				ENABLE_HARDENED_RUNTIME = YES;
				ENABLE_PREVIEWS = YES;
				GENERATE_INFOPLIST_FILE = YES;
				INFOPLIST_FILE = Nifro/Info.plist;
				INFOPLIST_KEY_LSApplicationCategoryType = "public.app-category.utilities";
				INFOPLIST_KEY_LSUIElement = YES;
				INFOPLIST_KEY_NSHumanReadableCopyright = "MIT License. Derived from Plash © Sindre Sorhus.";
				LD_RUNPATH_SEARCH_PATHS = (
					"$(inherited)",
					"@executable_path/../Frameworks",
				);
				PRODUCT_BUNDLE_IDENTIFIER = com.pathgao.nifro;
				PRODUCT_NAME = "$(TARGET_NAME)";
				SWIFT_EMIT_LOC_STRINGS = YES;
			};
			name = Release;
		};
		E32AD6B826D2718B0008D900 /* Debug */ = {
			isa = XCBuildConfiguration;
			buildSettings = {
				CODE_SIGN_ENTITLEMENTS = ShareExtension/ShareExtension.entitlements;
				CODE_SIGN_IDENTITY = "Apple Development";
				CODE_SIGN_STYLE = Automatic;
				COMBINE_HIDPI_IMAGES = YES;
				DEAD_CODE_STRIPPING = YES;
				ENABLE_HARDENED_RUNTIME = YES;
				GENERATE_INFOPLIST_FILE = YES;
				INFOPLIST_FILE = ShareExtension/Info.plist;
				INFOPLIST_KEY_CFBundleDisplayName = Nifro;
				LD_RUNPATH_SEARCH_PATHS = (
					"$(inherited)",
					"@executable_path/../Frameworks",
					"@executable_path/../../../../Frameworks",
				);
				PRODUCT_BUNDLE_IDENTIFIER = com.pathgao.nifro.ShareExtension;
				PRODUCT_NAME = "$(TARGET_NAME)";
				SKIP_INSTALL = YES;
			};
			name = Debug;
		};
		E32AD6B926D2718B0008D900 /* Release */ = {
			isa = XCBuildConfiguration;
			buildSettings = {
				CODE_SIGN_ENTITLEMENTS = ShareExtension/ShareExtension.entitlements;
				CODE_SIGN_IDENTITY = "Apple Development";
				CODE_SIGN_STYLE = Automatic;
				COMBINE_HIDPI_IMAGES = YES;
				DEAD_CODE_STRIPPING = YES;
				ENABLE_HARDENED_RUNTIME = YES;
				GENERATE_INFOPLIST_FILE = YES;
				INFOPLIST_FILE = ShareExtension/Info.plist;
				INFOPLIST_KEY_CFBundleDisplayName = Nifro;
				LD_RUNPATH_SEARCH_PATHS = (
					"$(inherited)",
					"@executable_path/../Frameworks",
					"@executable_path/../../../../Frameworks",
				);
				PRODUCT_BUNDLE_IDENTIFIER = com.pathgao.nifro.ShareExtension;
				PRODUCT_NAME = "$(TARGET_NAME)";
				SKIP_INSTALL = YES;
			};
			name = Release;
		};
/* End XCBuildConfiguration section */

/* Begin XCConfigurationList section */
		E324212B2384E9D700D28A91 /* Build configuration list for PBXProject "Nifro" */ = {
			isa = XCConfigurationList;
			buildConfigurations = (
				E32421412384E9D900D28A91 /* Debug */,
				E32421422384E9D900D28A91 /* Release */,
			);
			defaultConfigurationIsVisible = 0;
			defaultConfigurationName = Release;
		};
		E32421432384E9D900D28A91 /* Build configuration list for PBXNativeTarget "Nifro" */ = {
			isa = XCConfigurationList;
			buildConfigurations = (
				E32421442384E9D900D28A91 /* Debug */,
				E32421452384E9D900D28A91 /* Release */,
			);
			defaultConfigurationIsVisible = 0;
			defaultConfigurationName = Release;
		};
		E32AD6BA26D2718B0008D900 /* Build configuration list for PBXNativeTarget "Share Extension" */ = {
			isa = XCConfigurationList;
			buildConfigurations = (
				E32AD6B826D2718B0008D900 /* Debug */,
				E32AD6B926D2718B0008D900 /* Release */,
			);
			defaultConfigurationIsVisible = 0;
			defaultConfigurationName = Release;
		};
/* End XCConfigurationList section */

/* Begin XCRemoteSwiftPackageReference section */
		E32421482384ED8300D28A91 /* XCRemoteSwiftPackageReference "Defaults" */ = {
			isa = XCRemoteSwiftPackageReference;
			repositoryURL = "https://github.com/sindresorhus/Defaults";
			requirement = {
				kind = upToNextMajorVersion;
				minimumVersion = 9.0.1;
			};
		};
		E3494C17297D236000983648 /* XCRemoteSwiftPackageReference "LaunchAtLogin-Modern" */ = {
			isa = XCRemoteSwiftPackageReference;
			repositoryURL = "https://github.com/sindresorhus/LaunchAtLogin-Modern";
			requirement = {
				kind = upToNextMajorVersion;
				minimumVersion = 1.0.0;
			};
		};
		E3847AB02AB376B700923A5E /* XCRemoteSwiftPackageReference "KeyboardShortcuts" */ = {
			isa = XCRemoteSwiftPackageReference;
			repositoryURL = "https://github.com/sindresorhus/KeyboardShortcuts";
			requirement = {
				kind = upToNextMajorVersion;
				minimumVersion = 2.0.0;
			};
		};
/* End XCRemoteSwiftPackageReference section */

/* Begin XCSwiftPackageProductDependency section */
		E3294F7D255783A800D4172F /* Defaults */ = {
			isa = XCSwiftPackageProductDependency;
			package = E32421482384ED8300D28A91 /* XCRemoteSwiftPackageReference "Defaults" */;
			productName = Defaults;
		};
		E3494C18297D236000983648 /* LaunchAtLogin */ = {
			isa = XCSwiftPackageProductDependency;
			package = E3494C17297D236000983648 /* XCRemoteSwiftPackageReference "LaunchAtLogin-Modern" */;
			productName = LaunchAtLogin;
		};
		E3847AB12AB376B700923A5E /* KeyboardShortcuts */ = {
			isa = XCSwiftPackageProductDependency;
			package = E3847AB02AB376B700923A5E /* XCRemoteSwiftPackageReference "KeyboardShortcuts" */;
			productName = KeyboardShortcuts;
		};
/* End XCSwiftPackageProductDependency section */
	};
	rootObject = E32421282384E9D700D28A91 /* Project object */;
}
